
Microsoft Visual Studio Solution File, Format Version 12.00
# Visual Studio Version 17
VisualStudioVersion = 17.10.35013.160
MinimumVisualStudioVersion = 10.0.40219.1
Project("{FAE04EC0-301F-11D3-BF4B-00C04F79EFBC}") = "winford-app", "winford-app\winford-app.csproj", "{B4881F86-89CD-4ABE-ACE6-1568B6CB5B32}"
EndProject
Global
	GlobalSection(SolutionConfigurationPlatforms) = preSolution
		Debug|Any CPU = Debug|Any CPU
		Release|Any CPU = Release|Any CPU
	EndGlobalSection
	GlobalSection(ProjectConfigurationPlatforms) = postSolution
		{B4881F86-89CD-4ABE-ACE6-1568B6CB5B32}.Debug|Any CPU.ActiveCfg = Debug|Any CPU
		{B4881F86-89CD-4ABE-ACE6-1568B6CB5B32}.Debug|Any CPU.Build.0 = Debug|Any CPU
		{B4881F86-89CD-4ABE-ACE6-1568B6CB5B32}.Release|Any CPU.ActiveCfg = Release|Any CPU
		{B4881F86-89CD-4ABE-ACE6-1568B6CB5B32}.Release|Any CPU.Build.0 = Release|Any CPU
	EndGlobalSection
	GlobalSection(SolutionProperties) = preSolution
		HideSolutionNode = FALSE
	EndGlobalSection
	GlobalSection(ExtensibilityGlobals) = postSolution
		SolutionGuid = {38D2671B-1988-419E-8090-FA7FDC673073}
	EndGlobalSection
EndGlobal
